{
  "name": "devsecnews",
  "lockfileVersion": 3,
  "requires": true,
  "packages": {
    "": {
      "name": "devsecnews",
      "devDependencies": {
        "github-markdown-css": "^5.8.1",
        "highlight.js": "^11.10.0",
        "marked": "^12.0.2",
        "marked-highlight": "^2.2.1"
      }
    },
    "node_modules/github-markdown-css": {
      "version": "5.8.1",
      "resolved": "https://registry.npmjs.org/github-markdown-css/-/github-markdown-css-5.8.1.tgz",
      "integrity": "sha512-8G+PFvqigBQSWLQjyzgpa2ThD9bo7+kDsriUIidGcRhXgmcaAWUIpCZf8DavJgc+xifjbCG+GvMyWr0XMXmc7g==",
      "dev": true,
      "license": "MIT",
      "engines": {
        "node": ">=10"
      },
      "funding": {
        "url": "https://github.com/sponsors/sindresorhus"
      }
    },
    "node_modules/highlight.js": {
      "version": "11.11.1",
      "resolved": "https://registry.npmjs.org/highlight.js/-/highlight.js-11.11.1.tgz",
      "integrity": "sha512-Xwwo44whKBVCYoliBQwaPvtd/2tYFkRQtXDWj1nackaV2JPXx3L0+Jvd8/qCJ2p+ML0/XVkJ2q+Mr+UVdpJK5w==",
      "dev": true,
      "license": "BSD-3-Clause",
      "engines": {
        "node": ">=12.0.0"
      }
    },
    "node_modules/marked": {
      "version": "12.0.2",
      "resolved": "https://registry.npmjs.org/marked/-/marked-12.0.2.tgz",
      "integrity": "sha512-qXUm7e/YKFoqFPYPa3Ukg9xlI5cyAtGmyEIzMfW//m6kXwCy2Ps9DYf5ioijFKQ8qyuscrHoY04iJGctu2Kg0Q==",
      "dev": true,
      "license": "MIT",
      "bin": {
        "marked": "bin/marked.js"
      },
      "engines": {
        "node": ">= 18"
      }
    },
    "node_modules/marked-highlight": {
      "version": "2.2.3",
      "resolved": "https://registry.npmjs.org/marked-highlight/-/marked-highlight-2.2.3.tgz",
      "integrity": "sha512-FCfZRxW/msZAiasCML4isYpxyQWKEEx44vOgdn5Kloae+Qc3q4XR7WjpKKf8oMLk7JP9ZCRd2vhtclJFdwxlWQ==",
      "dev": true,
      "license": "MIT",
      "peerDependencies": {
        "marked": ">=4 <18"
      }
    }
  }
}
